
Microsoft Visual Studio Solution File, Format Version 12.00
# Visual Studio 15
VisualStudioVersion = 15.0.28307.168
MinimumVisualStudioVersion = 10.0.40219.1
Project("{8BC9CEB8-8B4A-11D0-8D11-00A0C91BC942}") = "Lab1", "Lab1\Lab1.vcxproj", "{FE6EF5A4-D807-4C91-B3E4-60BAACC9D19C}"
EndProject
Project("{8BC9CEB8-8B4A-11D0-8D11-00A0C91BC942}") = "Z1", "Z1\Z1.vcxproj", "{541B5DED-AD08-441B-942F-AA6AB4985E12}"
EndProject
Global
	GlobalSection(SolutionConfigurationPlatforms) = preSolution
		Debug|x64 = Debug|x64
		Debug|x86 = Debug|x86
		Release|x64 = Release|x64
		Release|x86 = Release|x86
	EndGlobalSection
	GlobalSection(ProjectConfigurationPlatforms) = postSolution
		{FE6EF5A4-D807-4C91-B3E4-60BAACC9D19C}.Debug|x64.ActiveCfg = Debug|x64
		{FE6EF5A4-D807-4C91-B3E4-60BAACC9D19C}.Debug|x64.Build.0 = Debug|x64
		{FE6EF5A4-D807-4C91-B3E4-60BAACC9D19C}.Debug|x86.ActiveCfg = Debug|Win32
		{FE6EF5A4-D807-4C91-B3E4-60BAACC9D19C}.Debug|x86.Build.0 = Debug|Win32
		{FE6EF5A4-D807-4C91-B3E4-60BAACC9D19C}.Release|x64.ActiveCfg = Release|x64
		{FE6EF5A4-D807-4C91-B3E4-60BAACC9D19C}.Release|x64.Build.0 = Release|x64
		{FE6EF5A4-D807-4C91-B3E4-60BAACC9D19C}.Release|x86.ActiveCfg = Release|Win32
		{FE6EF5A4-D807-4C91-B3E4-60BAACC9D19C}.Release|x86.Build.0 = Release|Win32
		{541B5DED-AD08-441B-942F-AA6AB4985E12}.Debug|x64.ActiveCfg = Debug|x64
		{541B5DED-AD08-441B-942F-AA6AB4985E12}.Debug|x64.Build.0 = Debug|x64
		{541B5DED-AD08-441B-942F-AA6AB4985E12}.Debug|x86.ActiveCfg = Debug|Win32
		{541B5DED-AD08-441B-942F-AA6AB4985E12}.Debug|x86.Build.0 = Debug|Win32
		{541B5DED-AD08-441B-942F-AA6AB4985E12}.Release|x64.ActiveCfg = Release|x64
		{541B5DED-AD08-441B-942F-AA6AB4985E12}.Release|x64.Build.0 = Release|x64
		{541B5DED-AD08-441B-942F-AA6AB4985E12}.Release|x86.ActiveCfg = Release|Win32
		{541B5DED-AD08-441B-942F-AA6AB4985E12}.Release|x86.Build.0 = Release|Win32
	EndGlobalSection
	GlobalSection(SolutionProperties) = preSolution
		HideSolutionNode = FALSE
	EndGlobalSection
	GlobalSection(ExtensibilityGlobals) = postSolution
		SolutionGuid = {E9BAE0BE-F628-4786-9689-B5083FF7FB0D}
	EndGlobalSection
EndGlobal
